
Microsoft Visual Studio Solution File, Format Version 12.00
# Visual Studio 2012
Project("{FAE04EC0-301F-11D3-BF4B-00C04F79EFBC}") = "DynamicAnimation", "DynamicAnimation.csproj", "{157F6FC3-90D1-40D5-91D0-A2552034B41A}"
EndProject
Global
	GlobalSection(SolutionConfigurationPlatforms) = preSolution
		Debug|Any CPU = Debug|Any CPU
		Release|Any CPU = Release|Any CPU
	EndGlobalSection
	GlobalSection(ProjectConfigurationPlatforms) = postSolution
		{157F6FC3-90D1-40D5-91D0-A2552034B41A}.Debug|Any CPU.ActiveCfg = Debug|Any CPU
		{157F6FC3-90D1-40D5-91D0-A2552034B41A}.Debug|Any CPU.Build.0 = Debug|Any CPU
		{157F6FC3-90D1-40D5-91D0-A2552034B41A}.Release|Any CPU.ActiveCfg = Release|Any CPU
		{157F6FC3-90D1-40D5-91D0-A2552034B41A}.Release|Any CPU.Build.0 = Release|Any CPU
	EndGlobalSection
EndGlobal
